// !$*UTF8*$!
{
	archiveVersion = 1;
	classes = {
	};
	objectVersion = 48;
	objects = {

/* Begin PBXBuildFile section */
		17FD02E787A8E701AAC3D124 /* ReactiveOauth.framework in Frameworks */ = {isa = PBXBuildFile; fileRef = 17FD0195020FC68CF3799E20 /* ReactiveOauth.framework */; };
		17FD04C0627CCCC81B1ADBC6 /* Auth.Error.swift in Sources */ = {isa = PBXBuildFile; fileRef = 17FD060922E499151B2D16CC /* Auth.Error.swift */; };
		17FD04C52207CFAE77B25305 /* Auth.Credential.swift in Sources */ = {isa = PBXBuildFile; fileRef = 17FD021D5D6FE999FE64374E /* Auth.Credential.swift */; };
		17FD04DC06977AC02BCB1D84 /* Auth.Reoauth.Detailed.swift in Sources */ = {isa = PBXBuildFile; fileRef = 17FD0DAA2C4A92A4887AB323 /* Auth.Reoauth.Detailed.swift */; };
		17FD06A848CBFE5565D64BBB /* Extension.Alamofire.swift in Sources */ = {isa = PBXBuildFile; fileRef = 17FD0EB93D148E3BD4A54D9E /* Extension.Alamofire.swift */; };
		17FD06DEFB7D13AE51675BF6 /* Ui.View.Oauth.swift in Sources */ = {isa = PBXBuildFile; fileRef = 17FD083DA9D2CF88BCA03010 /* Ui.View.Oauth.swift */; };
		17FD079540B80825E009CA1D /* Auth.Reoauth.swift in Sources */ = {isa = PBXBuildFile; fileRef = 17FD0D0F899320358324DDAC /* Auth.Reoauth.swift */; };
		17FD081E1F05064C5D35193C /* Ui.View.Oauth.Webview.swift in Sources */ = {isa = PBXBuildFile; fileRef = 17FD083F5D02BD270E280CE0 /* Ui.View.Oauth.Webview.swift */; };
		17FD084F6B343A811FB33276 /* Auth.Oauth.Detailed.swift in Sources */ = {isa = PBXBuildFile; fileRef = 17FD0AA7E36CA3C325F0203D /* Auth.Oauth.Detailed.swift */; };
		17FD087F7973BE05AAB5E482 /* Service.swift in Sources */ = {isa = PBXBuildFile; fileRef = 17FD0BC8FDD924F323F0CAAE /* Service.swift */; };
		17FD08AB13F56E93E40C435B /* Auth.Oauth.swift in Sources */ = {isa = PBXBuildFile; fileRef = 17FD0CEB4C23BCD134A9CA80 /* Auth.Oauth.swift */; };
		17FD09B3C97CE1BA5CF9C5AF /* Service.Dropbox.swift in Sources */ = {isa = PBXBuildFile; fileRef = 17FD0292E40735A30B79DBD3 /* Service.Dropbox.swift */; };
		17FD0A30A0C496641C9CDB80 /* Detalisator.GoogleDrive.swift in Sources */ = {isa = PBXBuildFile; fileRef = 17FD0C3D0D2498057D690731 /* Detalisator.GoogleDrive.swift */; };
		17FD0BE7F3775EE00DF4AA72 /* Detalisator.swift in Sources */ = {isa = PBXBuildFile; fileRef = 17FD0D1CC1580E919E578992 /* Detalisator.swift */; };
		17FD0C325D0C2471C4BF9ECF /* Detalisator.Dropbox.swift in Sources */ = {isa = PBXBuildFile; fileRef = 17FD0988A6211465C327733C /* Detalisator.Dropbox.swift */; };
		17FD0C7738ABAD3DC19E036A /* Extension.OauthSwift.swift in Sources */ = {isa = PBXBuildFile; fileRef = 17FD0572C81107480C426AD4 /* Extension.OauthSwift.swift */; };
		17FD0D068BD036AEF89C9FD3 /* Service.GoogleDrive.swift in Sources */ = {isa = PBXBuildFile; fileRef = 17FD022EA22D930E244B44AF /* Service.GoogleDrive.swift */; };
		17FD0ED2ECABD79EFA446E73 /* Auth.Detailed.swift in Sources */ = {isa = PBXBuildFile; fileRef = 17FD0E6A146173CF3C6584F9 /* Auth.Detailed.swift */; };
		17FD0F033BADA21A83E23F98 /* Auth.Access.swift in Sources */ = {isa = PBXBuildFile; fileRef = 17FD077CFA45C5229B23F560 /* Auth.Access.swift */; };
		E65299431E731FE5003E765D /* ReactiveSwift.framework in Frameworks */ = {isa = PBXBuildFile; fileRef = 17FD06492F59E6524373ED16 /* ReactiveSwift.framework */; };
		E65299441E731FEB003E765D /* Result.framework in Frameworks */ = {isa = PBXBuildFile; fileRef = 17FD0BAD206A792F587A5D0B /* Result.framework */; };
		E65299451E731FF1003E765D /* OAuthSwift.framework in Frameworks */ = {isa = PBXBuildFile; fileRef = 17FD0962CF353A214002C83A /* OAuthSwift.framework */; };
		E65299461E731FF7003E765D /* OAuthSwift.framework in Embed Frameworks */ = {isa = PBXBuildFile; fileRef = 17FD0962CF353A214002C83A /* OAuthSwift.framework */; settings = {ATTRIBUTES = (CodeSignOnCopy, RemoveHeadersOnCopy, ); }; };
		E65299471E73215A003E765D /* Alamofire.framework in Frameworks */ = {isa = PBXBuildFile; fileRef = 17FD0AE7016E17DC54EEAB3D /* Alamofire.framework */; };
		E65299481E7324BF003E765D /* SwiftyJSON.framework in Frameworks */ = {isa = PBXBuildFile; fileRef = 17FD0BC2C261089E48C99AE1 /* SwiftyJSON.framework */; };
/* End PBXBuildFile section */

/* Begin PBXContainerItemProxy section */
		E610030D1E73183A0065804C /* PBXContainerItemProxy */ = {
			isa = PBXContainerItemProxy;
			containerPortal = E635F48C1E72B9560050F449 /* Project object */;
			proxyType = 1;
			remoteGlobalIDString = E61003011E7318390065804C;
			remoteInfo = ReactiveOauth;
		};
/* End PBXContainerItemProxy section */

/* Begin PBXCopyFilesBuildPhase section */
		E610031A1E7319E20065804C /* Embed Frameworks */ = {
			isa = PBXCopyFilesBuildPhase;
			buildActionMask = 2147483647;
			dstPath = "";
			dstSubfolderSpec = 10;
			files = (
				E65299461E731FF7003E765D /* OAuthSwift.framework in Embed Frameworks */,
			);
			name = "Embed Frameworks";
			runOnlyForDeploymentPostprocessing = 0;
		};
/* End PBXCopyFilesBuildPhase section */

/* Begin PBXFileReference section */
		17FD012DA0B91FDF9BD01829 /* Cartfile.resolved */ = {isa = PBXFileReference; lastKnownFileType = text; name = Cartfile.resolved; path = ../Cartfile.resolved; sourceTree = "<group>"; };
		17FD0195020FC68CF3799E20 /* ReactiveOauth.framework */ = {isa = PBXFileReference; lastKnownFileType = wrapper.framework; name = ReactiveOauth.framework; path = "../../Library/Caches/AppCode2017.1/DerivedData/ReactiveOauth-emftwjofxdawmrbjxjnttrqtdcze/Build/Products/Debug/ReactiveOauth.framework"; sourceTree = "<group>"; };
		17FD021D5D6FE999FE64374E /* Auth.Credential.swift */ = {isa = PBXFileReference; fileEncoding = 4; lastKnownFileType = sourcecode.swift; path = Auth.Credential.swift; sourceTree = "<group>"; };
		17FD022EA22D930E244B44AF /* Service.GoogleDrive.swift */ = {isa = PBXFileReference; fileEncoding = 4; lastKnownFileType = sourcecode.swift; path = Service.GoogleDrive.swift; sourceTree = "<group>"; };
		17FD0292E40735A30B79DBD3 /* Service.Dropbox.swift */ = {isa = PBXFileReference; fileEncoding = 4; lastKnownFileType = sourcecode.swift; path = Service.Dropbox.swift; sourceTree = "<group>"; };
		17FD034571C02A3E54841334 /* test.plist */ = {isa = PBXFileReference; fileEncoding = 4; lastKnownFileType = text.plist; path = test.plist; sourceTree = "<group>"; };
		17FD03B6EAF6773260636E22 /* Cartfile */ = {isa = PBXFileReference; fileEncoding = 4; lastKnownFileType = text; name = Cartfile; path = ../Cartfile; sourceTree = "<group>"; };
		17FD041E6AA9B7B72942E891 /* Cartfile.private */ = {isa = PBXFileReference; lastKnownFileType = file.private; path = Cartfile.private; sourceTree = SOURCE_ROOT; };
		17FD0560A5793175F9DE6A86 /* Nimble.framework */ = {isa = PBXFileReference; lastKnownFileType = wrapper.framework; name = Nimble.framework; path = Carthage/Build/Mac/Nimble.framework; sourceTree = "<group>"; };
		17FD0572C81107480C426AD4 /* Extension.OauthSwift.swift */ = {isa = PBXFileReference; fileEncoding = 4; lastKnownFileType = sourcecode.swift; path = Extension.OauthSwift.swift; sourceTree = "<group>"; };
		17FD060922E499151B2D16CC /* Auth.Error.swift */ = {isa = PBXFileReference; fileEncoding = 4; lastKnownFileType = sourcecode.swift; path = Auth.Error.swift; sourceTree = "<group>"; };
		17FD0615F7B4C419BC10BA63 /* Base - Debug.xcconfig */ = {isa = PBXFileReference; fileEncoding = 4; lastKnownFileType = text.xcconfig; path = "Base - Debug.xcconfig"; sourceTree = "<group>"; };
		17FD06492F59E6524373ED16 /* ReactiveSwift.framework */ = {isa = PBXFileReference; lastKnownFileType = wrapper.framework; name = ReactiveSwift.framework; path = Carthage/Build/Mac/ReactiveSwift.framework; sourceTree = "<group>"; };
		17FD075B8EF15C5909CAE74A /* Alamofire.framework.dSYM */ = {isa = PBXFileReference; lastKnownFileType = wrapper.dsym; name = Alamofire.framework.dSYM; path = Carthage/Build/Mac/Alamofire.framework.dSYM; sourceTree = "<group>"; };
		17FD077CFA45C5229B23F560 /* Auth.Access.swift */ = {isa = PBXFileReference; fileEncoding = 4; lastKnownFileType = sourcecode.swift; path = Auth.Access.swift; sourceTree = "<group>"; };
		17FD07C7A4A8E76F135C8AF9 /* Test.xcconfig */ = {isa = PBXFileReference; fileEncoding = 4; lastKnownFileType = text.xcconfig; path = Test.xcconfig; sourceTree = "<group>"; };
		17FD083DA9D2CF88BCA03010 /* Ui.View.Oauth.swift */ = {isa = PBXFileReference; fileEncoding = 4; lastKnownFileType = sourcecode.swift; path = Ui.View.Oauth.swift; sourceTree = "<group>"; };
		17FD083F5D02BD270E280CE0 /* Ui.View.Oauth.Webview.swift */ = {isa = PBXFileReference; fileEncoding = 4; lastKnownFileType = sourcecode.swift; path = Ui.View.Oauth.Webview.swift; sourceTree = "<group>"; };
		17FD0913194422C44EAA8108 /* macOS - Framework.xcconfig */ = {isa = PBXFileReference; fileEncoding = 4; lastKnownFileType = text.xcconfig; path = "macOS - Framework.xcconfig"; sourceTree = "<group>"; };
		17FD0962CF353A214002C83A /* OAuthSwift.framework */ = {isa = PBXFileReference; lastKnownFileType = wrapper.framework; name = OAuthSwift.framework; path = Carthage/Build/Mac/OAuthSwift.framework; sourceTree = "<group>"; };
		17FD0988A6211465C327733C /* Detalisator.Dropbox.swift */ = {isa = PBXFileReference; fileEncoding = 4; lastKnownFileType = sourcecode.swift; path = Detalisator.Dropbox.swift; sourceTree = "<group>"; };
		17FD0AA7E36CA3C325F0203D /* Auth.Oauth.Detailed.swift */ = {isa = PBXFileReference; fileEncoding = 4; lastKnownFileType = sourcecode.swift; path = Auth.Oauth.Detailed.swift; sourceTree = "<group>"; };
		17FD0AE7016E17DC54EEAB3D /* Alamofire.framework */ = {isa = PBXFileReference; lastKnownFileType = wrapper.framework; name = Alamofire.framework; path = Carthage/Build/Mac/Alamofire.framework; sourceTree = "<group>"; };
		17FD0BAD206A792F587A5D0B /* Result.framework */ = {isa = PBXFileReference; lastKnownFileType = wrapper.framework; name = Result.framework; path = Carthage/Build/Mac/Result.framework; sourceTree = "<group>"; };
		17FD0BBCF8608E589291BA99 /* ReactiveOauth - Test.xctest */ = {isa = PBXFileReference; lastKnownFileType = file.xctest; name = "ReactiveOauth - Test.xctest"; path = "../../Library/Caches/AppCode2017.1/DerivedData/ReactiveOauth-emftwjofxdawmrbjxjnttrqtdcze/Build/Products/Debug/ReactiveOauth - Test.xctest"; sourceTree = "<group>"; };
		17FD0BC2C261089E48C99AE1 /* SwiftyJSON.framework */ = {isa = PBXFileReference; lastKnownFileType = wrapper.framework; name = SwiftyJSON.framework; path = Carthage/Build/Mac/SwiftyJSON.framework; sourceTree = "<group>"; };
		17FD0BC8FDD924F323F0CAAE /* Service.swift */ = {isa = PBXFileReference; fileEncoding = 4; lastKnownFileType = sourcecode.swift; path = Service.swift; sourceTree = "<group>"; };
		17FD0BF58014D4F20C866C2A /* OAuthSwift.framework.dSYM */ = {isa = PBXFileReference; lastKnownFileType = wrapper.dsym; name = OAuthSwift.framework.dSYM; path = Carthage/Build/Mac/OAuthSwift.framework.dSYM; sourceTree = "<group>"; };
		17FD0C01D64DA1B2ADA6D8BD /* framework.plist */ = {isa = PBXFileReference; fileEncoding = 4; lastKnownFileType = text.plist; path = framework.plist; sourceTree = "<group>"; };
		17FD0C3D0D2498057D690731 /* Detalisator.GoogleDrive.swift */ = {isa = PBXFileReference; fileEncoding = 4; lastKnownFileType = sourcecode.swift; path = Detalisator.GoogleDrive.swift; sourceTree = "<group>"; };
		17FD0C6CDE4A27B0BA503C91 /* SwiftyJSON.framework.dSYM */ = {isa = PBXFileReference; lastKnownFileType = wrapper.dsym; name = SwiftyJSON.framework.dSYM; path = Carthage/Build/Mac/SwiftyJSON.framework.dSYM; sourceTree = "<group>"; };
		17FD0C9A99524DC3F0FCA22A /* ReactiveSwift.framework.dSYM */ = {isa = PBXFileReference; lastKnownFileType = wrapper.dsym; name = ReactiveSwift.framework.dSYM; path = Carthage/Build/Mac/ReactiveSwift.framework.dSYM; sourceTree = "<group>"; };
		17FD0CEB4C23BCD134A9CA80 /* Auth.Oauth.swift */ = {isa = PBXFileReference; fileEncoding = 4; lastKnownFileType = sourcecode.swift; path = Auth.Oauth.swift; sourceTree = "<group>"; };
		17FD0D0F899320358324DDAC /* Auth.Reoauth.swift */ = {isa = PBXFileReference; fileEncoding = 4; lastKnownFileType = sourcecode.swift; path = Auth.Reoauth.swift; sourceTree = "<group>"; };
		17FD0D1CC1580E919E578992 /* Detalisator.swift */ = {isa = PBXFileReference; fileEncoding = 4; lastKnownFileType = sourcecode.swift; path = Detalisator.swift; sourceTree = "<group>"; };
		17FD0DAA2C4A92A4887AB323 /* Auth.Reoauth.Detailed.swift */ = {isa = PBXFileReference; fileEncoding = 4; lastKnownFileType = sourcecode.swift; path = Auth.Reoauth.Detailed.swift; sourceTree = "<group>"; };
		17FD0E508462AC8AEFE3A3F6 /* Nimble.framework.dSYM */ = {isa = PBXFileReference; lastKnownFileType = wrapper.dsym; name = Nimble.framework.dSYM; path = Carthage/Build/Mac/Nimble.framework.dSYM; sourceTree = "<group>"; };
		17FD0E6A146173CF3C6584F9 /* Auth.Detailed.swift */ = {isa = PBXFileReference; fileEncoding = 4; lastKnownFileType = sourcecode.swift; path = Auth.Detailed.swift; sourceTree = "<group>"; };
		17FD0EB93D148E3BD4A54D9E /* Extension.Alamofire.swift */ = {isa = PBXFileReference; fileEncoding = 4; lastKnownFileType = sourcecode.swift; path = Extension.Alamofire.swift; sourceTree = "<group>"; };
		17FD0F8B73E21CE56E6EAE7C /* Result.framework.dSYM */ = {isa = PBXFileReference; lastKnownFileType = wrapper.dsym; name = Result.framework.dSYM; path = Carthage/Build/Mac/Result.framework.dSYM; sourceTree = "<group>"; };
		17FD0FC71AEA96FE075C35FA /* Base - Release.xcconfig */ = {isa = PBXFileReference; fileEncoding = 4; lastKnownFileType = text.xcconfig; path = "Base - Release.xcconfig"; sourceTree = "<group>"; };
/* End PBXFileReference section */

/* Begin PBXFrameworksBuildPhase section */
		E61002FE1E7318390065804C /* Frameworks */ = {
			isa = PBXFrameworksBuildPhase;
			buildActionMask = 2147483647;
			files = (
				E65299471E73215A003E765D /* Alamofire.framework in Frameworks */,
				E65299451E731FF1003E765D /* OAuthSwift.framework in Frameworks */,
				E65299431E731FE5003E765D /* ReactiveSwift.framework in Frameworks */,
				E65299441E731FEB003E765D /* Result.framework in Frameworks */,
				E65299481E7324BF003E765D /* SwiftyJSON.framework in Frameworks */,
			);
			runOnlyForDeploymentPostprocessing = 0;
		};
		E61003081E73183A0065804C /* Frameworks */ = {
			isa = PBXFrameworksBuildPhase;
			buildActionMask = 2147483647;
			files = (
				17FD02E787A8E701AAC3D124 /* ReactiveOauth.framework in Frameworks */,
			);
			runOnlyForDeploymentPostprocessing = 0;
		};
/* End PBXFrameworksBuildPhase section */

/* Begin PBXGroup section */
		17FD004890122F30348B587E /* Auth */ = {
			isa = PBXGroup;
			children = (
				17FD060922E499151B2D16CC /* Auth.Error.swift */,
				17FD0CEB4C23BCD134A9CA80 /* Auth.Oauth.swift */,
				17FD077CFA45C5229B23F560 /* Auth.Access.swift */,
				17FD0D0F899320358324DDAC /* Auth.Reoauth.swift */,
				17FD0E6A146173CF3C6584F9 /* Auth.Detailed.swift */,
				17FD021D5D6FE999FE64374E /* Auth.Credential.swift */,
				17FD0AA7E36CA3C325F0203D /* Auth.Oauth.Detailed.swift */,
				17FD0DAA2C4A92A4887AB323 /* Auth.Reoauth.Detailed.swift */,
			);
			path = Auth;
			sourceTree = "<group>";
		};
		17FD02F126710AC06AF8CF6E /* Configuration */ = {
			isa = PBXGroup;
			children = (
				17FD0615F7B4C419BC10BA63 /* Base - Debug.xcconfig */,
				17FD0FC71AEA96FE075C35FA /* Base - Release.xcconfig */,
			);
			name = Configuration;
			path = dependency/git/xenomorph/source/Configuration;
			sourceTree = SOURCE_ROOT;
		};
		17FD033E64E9EA7FFEBADB38 /* product */ = {
			isa = PBXGroup;
			children = (
				17FD08BB2D1D6F92228DA68B /* build */,
			);
			path = product;
			sourceTree = "<group>";
		};
		17FD03679A023E6EF18B4CD6 /* info */ = {
			isa = PBXGroup;
			children = (
				17FD0C01D64DA1B2ADA6D8BD /* framework.plist */,
				17FD034571C02A3E54841334 /* test.plist */,
			);
			path = info;
			sourceTree = "<group>";
		};
		17FD04A551C007FDEBC06469 /* accessory */ = {
			isa = PBXGroup;
			children = (
				17FD06BF8396C0163AD62C6C /* configuration */,
				17FD03679A023E6EF18B4CD6 /* info */,
			);
			path = accessory;
			sourceTree = "<group>";
		};
		17FD04E454EDAB0C31F3BE5E /* dependency */ = {
			isa = PBXGroup;
			children = (
				17FD0BA09D34778AEFCB0A11 /* dsym */,
				17FD05B5D82BC3627F9636E6 /* framework */,
				17FD03B6EAF6773260636E22 /* Cartfile */,
				17FD041E6AA9B7B72942E891 /* Cartfile.private */,
				17FD012DA0B91FDF9BD01829 /* Cartfile.resolved */,
			);
			path = dependency;
			sourceTree = "<group>";
		};
		17FD05401A3A6BB8385B6D5B /* Extension */ = {
			isa = PBXGroup;
			children = (
				17FD0EB93D148E3BD4A54D9E /* Extension.Alamofire.swift */,
				17FD0572C81107480C426AD4 /* Extension.OauthSwift.swift */,
			);
			path = Extension;
			sourceTree = "<group>";
		};
		17FD0546BE45D13B08CFB1C9 /* source */ = {
			isa = PBXGroup;
			children = (
				17FD004890122F30348B587E /* Auth */,
				17FD0BD8D4F34507BE85ABE8 /* Detalisator */,
				17FD05401A3A6BB8385B6D5B /* Extension */,
				17FD0854E1C08A19B67AE56D /* Service */,
				17FD0F7467FB9A212015CC1C /* Ui */,
			);
			path = source;
			sourceTree = "<group>";
		};
		17FD05B5D82BC3627F9636E6 /* framework */ = {
			isa = PBXGroup;
			children = (
				17FD0AE7016E17DC54EEAB3D /* Alamofire.framework */,
				17FD0560A5793175F9DE6A86 /* Nimble.framework */,
				17FD0962CF353A214002C83A /* OAuthSwift.framework */,
				17FD06492F59E6524373ED16 /* ReactiveSwift.framework */,
				17FD0BAD206A792F587A5D0B /* Result.framework */,
				17FD0BC2C261089E48C99AE1 /* SwiftyJSON.framework */,
			);
			name = framework;
			sourceTree = "<group>";
		};
		17FD06BF8396C0163AD62C6C /* configuration */ = {
			isa = PBXGroup;
			children = (
				17FD02F126710AC06AF8CF6E /* Configuration */,
				17FD0817309CD34D6DC7F6C7 /* Target */,
			);
			name = configuration;
			sourceTree = "<group>";
		};
		17FD07E56A7337D59B60FC69 /* macOS */ = {
			isa = PBXGroup;
			children = (
				17FD0913194422C44EAA8108 /* macOS - Framework.xcconfig */,
			);
			path = macOS;
			sourceTree = "<group>";
		};
		17FD0817309CD34D6DC7F6C7 /* Target */ = {
			isa = PBXGroup;
			children = (
				17FD07E56A7337D59B60FC69 /* macOS */,
				17FD07C7A4A8E76F135C8AF9 /* Test.xcconfig */,
			);
			name = Target;
			path = dependency/git/xenomorph/source/Target;
			sourceTree = SOURCE_ROOT;
		};
		17FD0854E1C08A19B67AE56D /* Service */ = {
			isa = PBXGroup;
			children = (
				17FD0BC8FDD924F323F0CAAE /* Service.swift */,
				17FD0292E40735A30B79DBD3 /* Service.Dropbox.swift */,
				17FD022EA22D930E244B44AF /* Service.GoogleDrive.swift */,
			);
			path = Service;
			sourceTree = "<group>";
		};
		17FD08BB2D1D6F92228DA68B /* build */ = {
			isa = PBXGroup;
			children = (
				17FD0195020FC68CF3799E20 /* ReactiveOauth.framework */,
				17FD0BBCF8608E589291BA99 /* ReactiveOauth - Test.xctest */,
			);
			name = build;
			path = ../../reactiveoauth;
			sourceTree = "<group>";
		};
		17FD0BA09D34778AEFCB0A11 /* dsym */ = {
			isa = PBXGroup;
			children = (
				17FD075B8EF15C5909CAE74A /* Alamofire.framework.dSYM */,
				17FD0E508462AC8AEFE3A3F6 /* Nimble.framework.dSYM */,
				17FD0BF58014D4F20C866C2A /* OAuthSwift.framework.dSYM */,
				17FD0C9A99524DC3F0FCA22A /* ReactiveSwift.framework.dSYM */,
				17FD0F8B73E21CE56E6EAE7C /* Result.framework.dSYM */,
				17FD0C6CDE4A27B0BA503C91 /* SwiftyJSON.framework.dSYM */,
			);
			name = dsym;
			sourceTree = "<group>";
		};
		17FD0BD8D4F34507BE85ABE8 /* Detalisator */ = {
			isa = PBXGroup;
			children = (
				17FD0D1CC1580E919E578992 /* Detalisator.swift */,
				17FD0988A6211465C327733C /* Detalisator.Dropbox.swift */,
				17FD0C3D0D2498057D690731 /* Detalisator.GoogleDrive.swift */,
			);
			path = Detalisator;
			sourceTree = "<group>";
		};
		17FD0F7467FB9A212015CC1C /* Ui */ = {
			isa = PBXGroup;
			children = (
				17FD083DA9D2CF88BCA03010 /* Ui.View.Oauth.swift */,
				17FD083F5D02BD270E280CE0 /* Ui.View.Oauth.Webview.swift */,
			);
			path = Ui;
			sourceTree = "<group>";
		};
		E635F48B1E72B9560050F449 = {
			isa = PBXGroup;
			children = (
				17FD04A551C007FDEBC06469 /* accessory */,
				17FD04E454EDAB0C31F3BE5E /* dependency */,
				17FD033E64E9EA7FFEBADB38 /* product */,
				17FD0546BE45D13B08CFB1C9 /* source */,
			);
			sourceTree = "<group>";
		};
/* End PBXGroup section */

/* Begin PBXNativeTarget section */
		E61003011E7318390065804C /* ReactiveOauth */ = {
			isa = PBXNativeTarget;
			buildConfigurationList = E61003181E73183A0065804C /* Build configuration list for PBXNativeTarget "ReactiveOauth" */;
			buildPhases = (
				E61002FD1E7318390065804C /* Sources */,
				E61002FE1E7318390065804C /* Frameworks */,
				E610031A1E7319E20065804C /* Embed Frameworks */,
			);
			buildRules = (
			);
			dependencies = (
			);
			name = ReactiveOauth;
			productName = ReactiveOauth;
			productType = "com.apple.product-type.framework";
		};
		E610030A1E73183A0065804C /* ReactiveOauth - Test */ = {
			isa = PBXNativeTarget;
			buildConfigurationList = E61003191E73183A0065804C /* Build configuration list for PBXNativeTarget "ReactiveOauth - Test" */;
			buildPhases = (
				E61003071E73183A0065804C /* Sources */,
				E61003081E73183A0065804C /* Frameworks */,
				E61003091E73183A0065804C /* Resources */,
			);
			buildRules = (
			);
			dependencies = (
				E610030E1E73183A0065804C /* PBXTargetDependency */,
			);
			name = "ReactiveOauth - Test";
			productName = ReactiveOauthTests;
			productType = "com.apple.product-type.bundle.unit-test";
		};
/* End PBXNativeTarget section */

/* Begin PBXProject section */
		E635F48C1E72B9560050F449 /* Project object */ = {
			isa = PBXProject;
			attributes = {
				LastSwiftUpdateCheck = 0820;
				LastUpgradeCheck = 0820;
				TargetAttributes = {
					E61003011E7318390065804C = {
						CreatedOnToolsVersion = 8.2.1;
						ProvisioningStyle = Automatic;
					};
					E610030A1E73183A0065804C = {
						CreatedOnToolsVersion = 8.2.1;
						ProvisioningStyle = Automatic;
					};
				};
			};
			buildConfigurationList = E635F48F1E72B9560050F449 /* Build configuration list for PBXProject "ReactiveOauth" */;
			compatibilityVersion = "Xcode 8.0";
			developmentRegion = English;
			hasScannedForEncodings = 0;
			knownRegions = (
				en,
			);
			mainGroup = E635F48B1E72B9560050F449;
			projectDirPath = "";
			projectRoot = "";
			targets = (
				E61003011E7318390065804C /* ReactiveOauth */,
				E610030A1E73183A0065804C /* ReactiveOauth - Test */,
			);
		};
/* End PBXProject section */

/* Begin PBXResourcesBuildPhase section */
		E61003091E73183A0065804C /* Resources */ = {
			isa = PBXResourcesBuildPhase;
			buildActionMask = 2147483647;
			files = (
			);
			runOnlyForDeploymentPostprocessing = 0;
		};
/* End PBXResourcesBuildPhase section */

/* Begin PBXSourcesBuildPhase section */
		E61002FD1E7318390065804C /* Sources */ = {
			isa = PBXSourcesBuildPhase;
			buildActionMask = 2147483647;
			files = (
				17FD0F033BADA21A83E23F98 /* Auth.Access.swift in Sources */,
				17FD04C52207CFAE77B25305 /* Auth.Credential.swift in Sources */,
				17FD0ED2ECABD79EFA446E73 /* Auth.Detailed.swift in Sources */,
				17FD04C0627CCCC81B1ADBC6 /* Auth.Error.swift in Sources */,
				17FD08AB13F56E93E40C435B /* Auth.Oauth.swift in Sources */,
				17FD084F6B343A811FB33276 /* Auth.Oauth.Detailed.swift in Sources */,
				17FD079540B80825E009CA1D /* Auth.Reoauth.swift in Sources */,
				17FD04DC06977AC02BCB1D84 /* Auth.Reoauth.Detailed.swift in Sources */,
				17FD0BE7F3775EE00DF4AA72 /* Detalisator.swift in Sources */,
				17FD0C325D0C2471C4BF9ECF /* Detalisator.Dropbox.swift in Sources */,
				17FD0A30A0C496641C9CDB80 /* Detalisator.GoogleDrive.swift in Sources */,
				17FD0C7738ABAD3DC19E036A /* Extension.OauthSwift.swift in Sources */,
				17FD06A848CBFE5565D64BBB /* Extension.Alamofire.swift in Sources */,
				17FD087F7973BE05AAB5E482 /* Service.swift in Sources */,
				17FD09B3C97CE1BA5CF9C5AF /* Service.Dropbox.swift in Sources */,
				17FD0D068BD036AEF89C9FD3 /* Service.GoogleDrive.swift in Sources */,
				17FD06DEFB7D13AE51675BF6 /* Ui.View.Oauth.swift in Sources */,
				17FD081E1F05064C5D35193C /* Ui.View.Oauth.Webview.swift in Sources */,
			);
			runOnlyForDeploymentPostprocessing = 0;
		};
		E61003071E73183A0065804C /* Sources */ = {
			isa = PBXSourcesBuildPhase;
			buildActionMask = 2147483647;
			files = (
			);
			runOnlyForDeploymentPostprocessing = 0;
		};
/* End PBXSourcesBuildPhase section */

/* Begin PBXTargetDependency section */
		E610030E1E73183A0065804C /* PBXTargetDependency */ = {
			isa = PBXTargetDependency;
			target = E61003011E7318390065804C /* ReactiveOauth */;
			targetProxy = E610030D1E73183A0065804C /* PBXContainerItemProxy */;
		};
/* End PBXTargetDependency section */

/* Begin XCBuildConfiguration section */
		E61003141E73183A0065804C /* Debug */ = {
			isa = XCBuildConfiguration;
			baseConfigurationReference = 17FD0913194422C44EAA8108 /* macOS - Framework.xcconfig */;
			buildSettings = {
				APPLICATION_EXTENSION_API_ONLY = NO;
				LD_RUNPATH_SEARCH_PATHS = "$(inherited) @loader_path/Frameworks";
			};
			name = Debug;
		};
		E61003151E73183A0065804C /* Release */ = {
			isa = XCBuildConfiguration;
			baseConfigurationReference = 17FD0913194422C44EAA8108 /* macOS - Framework.xcconfig */;
			buildSettings = {
				APPLICATION_EXTENSION_API_ONLY = NO;
				LD_RUNPATH_SEARCH_PATHS = "$(inherited) @loader_path/Frameworks";
			};
			name = Release;
		};
		E61003161E73183A0065804C /* Debug */ = {
			isa = XCBuildConfiguration;
			baseConfigurationReference = 17FD07C7A4A8E76F135C8AF9 /* Test.xcconfig */;
			buildSettings = {
			};
			name = Debug;
		};
		E61003171E73183A0065804C /* Release */ = {
			isa = XCBuildConfiguration;
			baseConfigurationReference = 17FD07C7A4A8E76F135C8AF9 /* Test.xcconfig */;
			buildSettings = {
			};
			name = Release;
		};
		E635F4901E72B9560050F449 /* Debug */ = {
			isa = XCBuildConfiguration;
			baseConfigurationReference = 17FD0615F7B4C419BC10BA63 /* Base - Debug.xcconfig */;
			buildSettings = {
				FRAMEWORK_SEARCH_PATHS = (
					"$(inherited)",
					dependency/Carthage/Build/Mac,
				);
				MACOSX_DEPLOYMENT_TARGET = 10.10;
			};
			name = Debug;
		};
		E635F4911E72B9560050F449 /* Release */ = {
			isa = XCBuildConfiguration;
			baseConfigurationReference = 17FD0FC71AEA96FE075C35FA /* Base - Release.xcconfig */;
			buildSettings = {
				FRAMEWORK_SEARCH_PATHS = (
					"$(inherited)",
					dependency/Carthage/Build/Mac,
				);
				MACOSX_DEPLOYMENT_TARGET = 10.10;
			};
			name = Release;
		};
/* End XCBuildConfiguration section */

/* Begin XCConfigurationList section */
		E61003181E73183A0065804C /* Build configuration list for PBXNativeTarget "ReactiveOauth" */ = {
			isa = XCConfigurationList;
			buildConfigurations = (
				E61003141E73183A0065804C /* Debug */,
				E61003151E73183A0065804C /* Release */,
			);
			defaultConfigurationIsVisible = 0;
			defaultConfigurationName = Release;
		};
		E61003191E73183A0065804C /* Build configuration list for PBXNativeTarget "ReactiveOauth - Test" */ = {
			isa = XCConfigurationList;
			buildConfigurations = (
				E61003161E73183A0065804C /* Debug */,
				E61003171E73183A0065804C /* Release */,
			);
			defaultConfigurationIsVisible = 0;
			defaultConfigurationName = Release;
		};
		E635F48F1E72B9560050F449 /* Build configuration list for PBXProject "ReactiveOauth" */ = {
			isa = XCConfigurationList;
			buildConfigurations = (
				E635F4901E72B9560050F449 /* Debug */,
				E635F4911E72B9560050F449 /* Release */,
			);
			defaultConfigurationIsVisible = 0;
			defaultConfigurationName = Release;
		};
/* End XCConfigurationList section */
	};
	rootObject = E635F48C1E72B9560050F449 /* Project object */;
}
