// !$*UTF8*$!
{
	archiveVersion = 1;
	classes = {
	};
	objectVersion = 52;
	objects = {

/* Begin PBXBuildFile section */
		17FD014CC235B5670C9C3BF9 /* Detalisator.Dropbox.swift in Sources */ = {isa = PBXBuildFile; fileRef = 17FD0FFCA95D55D384A0D29B /* Detalisator.Dropbox.swift */; };
		17FD01D372F015D578C505E5 /* Test.Auth.swift in Sources */ = {isa = PBXBuildFile; fileRef = 17FD06FEECC656D09B33CE61 /* Test.Auth.swift */; };
		17FD035E37F0EF2E71AB5642 /* Auth.Reoauth.Detailed.swift in Sources */ = {isa = PBXBuildFile; fileRef = 17FD01253904F228C1021C97 /* Auth.Reoauth.Detailed.swift */; };
		17FD03BDDCDE257112386A79 /* Application.Entrypoint.swift in Sources */ = {isa = PBXBuildFile; fileRef = 17FD0AADFDA5BC6D5E98824B /* Application.Entrypoint.swift */; };
		17FD03C8F836AD3A0D1C50FA /* main.storyboard in Resources */ = {isa = PBXBuildFile; fileRef = 17FD0BF0C4EA9F980ED65DCD /* main.storyboard */; };
		17FD0439340A066B3C56A17A /* Utility.Path.swift in Sources */ = {isa = PBXBuildFile; fileRef = 17FD0EF01A3F7AAD4E0D6605 /* Utility.Path.swift */; };
		17FD04C4920A8B62784BB226 /* Detalisator.swift in Sources */ = {isa = PBXBuildFile; fileRef = 17FD0ED98E5F4CF88A545DC7 /* Detalisator.swift */; };
		17FD04F25EE85DD88C04318C /* Auth.OAuth.swift in Sources */ = {isa = PBXBuildFile; fileRef = 17FD0BCB244F5CFFDDD9D70D /* Auth.OAuth.swift */; };
		17FD054767BEDA3913BFC47A /* Utility.Path.swift in Sources */ = {isa = PBXBuildFile; fileRef = 17FD0EF01A3F7AAD4E0D6605 /* Utility.Path.swift */; };
		17FD058348DD4CE7F4E60978 /* Auth.Detalisator.swift in Sources */ = {isa = PBXBuildFile; fileRef = 17FD02FD23E054ACFE13C386 /* Auth.Detalisator.swift */; };
		17FD059BBFA7D93B498E7A29 /* UI.View.OAuth.WebView.swift in Sources */ = {isa = PBXBuildFile; fileRef = 17FD0D38F2E4A84A97049D94 /* UI.View.OAuth.WebView.swift */; };
		17FD05A578C2FA77A9E56EAD /* Auth.Detailed.swift in Sources */ = {isa = PBXBuildFile; fileRef = 17FD0E45350A6BD48AAE2A3C /* Auth.Detailed.swift */; };
		17FD05FE2548EF8C4666D685 /* Test.Auth.Imgur.swift in Sources */ = {isa = PBXBuildFile; fileRef = 17FD0D68A1ABEC34751E87CA /* Test.Auth.Imgur.swift */; };
		17FD05FF591CA2389B1F7861 /* Auth.Error.swift in Sources */ = {isa = PBXBuildFile; fileRef = 17FD00AAE3036885B768936C /* Auth.Error.swift */; };
		17FD0605E4B1564EE3D1C85D /* Auth.OAuth.Detailed.swift in Sources */ = {isa = PBXBuildFile; fileRef = 17FD0B67BD3FCB9ED82841BA /* Auth.OAuth.Detailed.swift */; };
		17FD0699B848B6D9F623422D /* Service.Imgur.swift in Sources */ = {isa = PBXBuildFile; fileRef = 17FD0D6FBAF3FA926BBA0D8C /* Service.Imgur.swift */; };
		17FD06C36F9155A742C36EC3 /* Auth.Factory.swift in Sources */ = {isa = PBXBuildFile; fileRef = 17FD01101080E25017FA2E3A /* Auth.Factory.swift */; };
		17FD06E49F8A4F9A1F2BC74F /* Utility.Configuration.swift in Sources */ = {isa = PBXBuildFile; fileRef = 17FD0889E05159C12D6EF9CF /* Utility.Configuration.swift */; };
		17FD06EE03CB72613A1DA869 /* Service.Google.swift in Sources */ = {isa = PBXBuildFile; fileRef = 17FD05BE9C5ED28D52F0BF29 /* Service.Google.swift */; };
		17FD081D81484F55B66EB14C /* oauth in Resources */ = {isa = PBXBuildFile; fileRef = 17FD0101A918730138089192 /* oauth */; };
		17FD083B2578DC20F08578BE /* Extension.Alamofire.swift in Sources */ = {isa = PBXBuildFile; fileRef = 17FD03130064FADEA0CCECAD /* Extension.Alamofire.swift */; };
		17FD087BED0546AAC8907DEE /* Detalisator.Imgur.swift in Sources */ = {isa = PBXBuildFile; fileRef = 17FD0BD06968B5ECA493021F /* Detalisator.Imgur.swift */; };
		17FD087EBFF31732B6A824EC /* Test.Auth.Dropbox.swift in Sources */ = {isa = PBXBuildFile; fileRef = 17FD06D9F761A77B34E9B66C /* Test.Auth.Dropbox.swift */; };
		17FD0894DE12C29091865FFD /* Auth.Access.swift in Sources */ = {isa = PBXBuildFile; fileRef = 17FD00A1F452CFD1054E2A71 /* Auth.Access.swift */; };
		17FD0962A16C8A7B78613719 /* Auth.Factory.swift in Sources */ = {isa = PBXBuildFile; fileRef = 17FD01101080E25017FA2E3A /* Auth.Factory.swift */; };
		17FD096A130E9190E608FD8D /* UI.View.Main.swift in Sources */ = {isa = PBXBuildFile; fileRef = 17FD0214E9DF466D625DB8B0 /* UI.View.Main.swift */; };
		17FD0A704CD90B69C8D5A0A8 /* Utility.Configuration.swift in Sources */ = {isa = PBXBuildFile; fileRef = 17FD0889E05159C12D6EF9CF /* Utility.Configuration.swift */; };
		17FD0AC8126E701358728BC5 /* Test.swift in Sources */ = {isa = PBXBuildFile; fileRef = 17FD014C6BA2809051C0ED61 /* Test.swift */; };
		17FD0AFE79A607EB2D24C2EE /* UI.View.OAuth.swift in Sources */ = {isa = PBXBuildFile; fileRef = 17FD0E4EA7DB99A1B3AB346C /* UI.View.OAuth.swift */; };
		17FD0B44FE059FB682B2D06A /* Service.Dropbox.swift in Sources */ = {isa = PBXBuildFile; fileRef = 17FD0DB09C5F4F51A9E0EDE5 /* Service.Dropbox.swift */; };
		17FD0CA74383997671601481 /* Auth.Type.swift in Sources */ = {isa = PBXBuildFile; fileRef = 17FD0ABC84AB5B618183F93F /* Auth.Type.swift */; };
		17FD0CC5F57DAC8810453C72 /* Extension.OAuthSwift.swift in Sources */ = {isa = PBXBuildFile; fileRef = 17FD0BD58C00C5ED557D4E0E /* Extension.OAuthSwift.swift */; };
		17FD0CC7A05B0EAA6AF3E438 /* Auth.Detalisator.swift in Sources */ = {isa = PBXBuildFile; fileRef = 17FD02FD23E054ACFE13C386 /* Auth.Detalisator.swift */; };
		17FD0D08DB860DF2F18C4C63 /* Auth.Type.swift in Sources */ = {isa = PBXBuildFile; fileRef = 17FD0ABC84AB5B618183F93F /* Auth.Type.swift */; };
		17FD0DDC3264E156D19C5E48 /* Detalisator.Google.swift in Sources */ = {isa = PBXBuildFile; fileRef = 17FD0F3C3EF0BE16C5A8224E /* Detalisator.Google.swift */; };
		17FD0DE2A3CEA6FEFE53CDAE /* Test.Auth.Google.swift in Sources */ = {isa = PBXBuildFile; fileRef = 17FD0A7AF699B08D4FD6CA3D /* Test.Auth.Google.swift */; };
		17FD0E1563FB8F765AE005C1 /* Test.Auth.Error.swift in Sources */ = {isa = PBXBuildFile; fileRef = 17FD07355DDECCC4ABF8DA01 /* Test.Auth.Error.swift */; };
		17FD0E1BADF1AC3676DAC1A3 /* Auth.Credential.swift in Sources */ = {isa = PBXBuildFile; fileRef = 17FD00427332FD9AB4062446 /* Auth.Credential.swift */; };
		17FD0E2EDF07CE6B1B092DAA /* Auth.Reoauth.swift in Sources */ = {isa = PBXBuildFile; fileRef = 17FD0DC35BCD92D57BDE2841 /* Auth.Reoauth.swift */; };
		17FD0E87962CC41A157281A7 /* Service.swift in Sources */ = {isa = PBXBuildFile; fileRef = 17FD0685B98931A5F745152D /* Service.swift */; };
		E6124BF6267E232F005A3490 /* Nimble in Frameworks */ = {isa = PBXBuildFile; productRef = E6124BEF267E22EC005A3490 /* Nimble */; };
		E6124BF9267E2343005A3490 /* Fakery in Frameworks */ = {isa = PBXBuildFile; productRef = E6124BF8267E2343005A3490 /* Fakery */; };
		E6124BFF267E2549005A3490 /* OHHTTPStubsSwift in Frameworks */ = {isa = PBXBuildFile; productRef = E6124BFE267E2549005A3490 /* OHHTTPStubsSwift */; };
		E6124C1A267E2931005A3490 /* Alamofire.xcframework in Frameworks */ = {isa = PBXBuildFile; fileRef = E6124C05267E26D0005A3490 /* Alamofire.xcframework */; };
		E6124C1B267E2931005A3490 /* OAuthSwift.xcframework in Frameworks */ = {isa = PBXBuildFile; fileRef = E6124C02267E26D0005A3490 /* OAuthSwift.xcframework */; };
		E6124C1D267E2931005A3490 /* ReactiveSwift.xcframework in Frameworks */ = {isa = PBXBuildFile; fileRef = E6124C03267E26D0005A3490 /* ReactiveSwift.xcframework */; };
		E6124C1E267E2931005A3490 /* SwiftyJSON.xcframework in Frameworks */ = {isa = PBXBuildFile; fileRef = E6124C04267E26D0005A3490 /* SwiftyJSON.xcframework */; };
		E6AEE84A267E2B9900A0E81E /* ReactiveCocoa.xcframework in Frameworks */ = {isa = PBXBuildFile; fileRef = E6124C16267E283E005A3490 /* ReactiveCocoa.xcframework */; };
/* End PBXBuildFile section */

/* Begin PBXContainerItemProxy section */
		E610030D1E73183A0065804C /* PBXContainerItemProxy */ = {
			isa = PBXContainerItemProxy;
			containerPortal = E635F48C1E72B9560050F449 /* Project object */;
			proxyType = 1;
			remoteGlobalIDString = E61003011E7318390065804C;
			remoteInfo = ReactiveOAuth;
		};
		E6D7F6471EA14F690007814A /* PBXContainerItemProxy */ = {
			isa = PBXContainerItemProxy;
			containerPortal = E635F48C1E72B9560050F449 /* Project object */;
			proxyType = 1;
			remoteGlobalIDString = E61003011E7318390065804C;
			remoteInfo = ReactiveOAuth;
		};
/* End PBXContainerItemProxy section */

/* Begin PBXFileReference section */
		17FD00427332FD9AB4062446 /* Auth.Credential.swift */ = {isa = PBXFileReference; fileEncoding = 4; lastKnownFileType = sourcecode.swift; path = Auth.Credential.swift; sourceTree = "<group>"; };
		17FD00A1F452CFD1054E2A71 /* Auth.Access.swift */ = {isa = PBXFileReference; fileEncoding = 4; lastKnownFileType = sourcecode.swift; path = Auth.Access.swift; sourceTree = "<group>"; };
		17FD00AAE3036885B768936C /* Auth.Error.swift */ = {isa = PBXFileReference; fileEncoding = 4; lastKnownFileType = sourcecode.swift; path = Auth.Error.swift; sourceTree = "<group>"; };
		17FD0101A918730138089192 /* oauth */ = {isa = PBXFileReference; lastKnownFileType = folder; path = oauth; sourceTree = "<group>"; };
		17FD01101080E25017FA2E3A /* Auth.Factory.swift */ = {isa = PBXFileReference; fileEncoding = 4; lastKnownFileType = sourcecode.swift; path = Auth.Factory.swift; sourceTree = "<group>"; };
		17FD01253904F228C1021C97 /* Auth.Reoauth.Detailed.swift */ = {isa = PBXFileReference; fileEncoding = 4; lastKnownFileType = sourcecode.swift; path = Auth.Reoauth.Detailed.swift; sourceTree = "<group>"; };
		17FD014C6BA2809051C0ED61 /* Test.swift */ = {isa = PBXFileReference; fileEncoding = 4; lastKnownFileType = sourcecode.swift; path = Test.swift; sourceTree = "<group>"; };
		17FD0195020FC68CF3799E20 /* ReactiveOAuth.framework */ = {isa = PBXFileReference; explicitFileType = wrapper.framework; includeInIndex = 0; path = ReactiveOAuth.framework; sourceTree = BUILT_PRODUCTS_DIR; };
		17FD01F24BF048EB020FB7F6 /* Cartfile.resolved */ = {isa = PBXFileReference; lastKnownFileType = file.resolved; path = Cartfile.resolved; sourceTree = "<group>"; };
		17FD02026B95DFC861B9D424 /* build.sh */ = {isa = PBXFileReference; fileEncoding = 4; lastKnownFileType = text.script.sh; path = build.sh; sourceTree = "<group>"; };
		17FD0214E9DF466D625DB8B0 /* UI.View.Main.swift */ = {isa = PBXFileReference; fileEncoding = 4; lastKnownFileType = sourcecode.swift; path = UI.View.Main.swift; sourceTree = "<group>"; };
		17FD02FD23E054ACFE13C386 /* Auth.Detalisator.swift */ = {isa = PBXFileReference; fileEncoding = 4; lastKnownFileType = sourcecode.swift; path = Auth.Detalisator.swift; sourceTree = "<group>"; };
		17FD03130064FADEA0CCECAD /* Extension.Alamofire.swift */ = {isa = PBXFileReference; fileEncoding = 4; lastKnownFileType = sourcecode.swift; path = Extension.Alamofire.swift; sourceTree = "<group>"; };
		17FD034571C02A3E54841334 /* test.plist */ = {isa = PBXFileReference; fileEncoding = 4; lastKnownFileType = text.plist; path = test.plist; sourceTree = "<group>"; };
		17FD05BE9C5ED28D52F0BF29 /* Service.Google.swift */ = {isa = PBXFileReference; fileEncoding = 4; lastKnownFileType = sourcecode.swift; path = Service.Google.swift; sourceTree = "<group>"; };
		17FD05C1F0F04A13061E2D4C /* ReactiveOAuth.podspec */ = {isa = PBXFileReference; lastKnownFileType = text; path = ReactiveOAuth.podspec; sourceTree = "<group>"; };
		17FD06527D2AECA04D0A7279 /* Cartfile */ = {isa = PBXFileReference; fileEncoding = 4; lastKnownFileType = text; path = Cartfile; sourceTree = "<group>"; };
		17FD0685B98931A5F745152D /* Service.swift */ = {isa = PBXFileReference; fileEncoding = 4; lastKnownFileType = sourcecode.swift; path = Service.swift; sourceTree = "<group>"; };
		17FD06D9F761A77B34E9B66C /* Test.Auth.Dropbox.swift */ = {isa = PBXFileReference; fileEncoding = 4; lastKnownFileType = sourcecode.swift; path = Test.Auth.Dropbox.swift; sourceTree = "<group>"; };
		17FD06FEECC656D09B33CE61 /* Test.Auth.swift */ = {isa = PBXFileReference; fileEncoding = 4; lastKnownFileType = sourcecode.swift; path = Test.Auth.swift; sourceTree = "<group>"; };
		17FD07355DDECCC4ABF8DA01 /* Test.Auth.Error.swift */ = {isa = PBXFileReference; fileEncoding = 4; lastKnownFileType = sourcecode.swift; path = Test.Auth.Error.swift; sourceTree = "<group>"; };
		17FD0889E05159C12D6EF9CF /* Utility.Configuration.swift */ = {isa = PBXFileReference; fileEncoding = 4; lastKnownFileType = sourcecode.swift; path = Utility.Configuration.swift; sourceTree = "<group>"; };
		17FD0A7AF699B08D4FD6CA3D /* Test.Auth.Google.swift */ = {isa = PBXFileReference; fileEncoding = 4; lastKnownFileType = sourcecode.swift; path = Test.Auth.Google.swift; sourceTree = "<group>"; };
		17FD0A879532D717634C832F /* .travis.yml */ = {isa = PBXFileReference; lastKnownFileType = file.yml; path = .travis.yml; sourceTree = "<group>"; };
		17FD0AADFDA5BC6D5E98824B /* Application.Entrypoint.swift */ = {isa = PBXFileReference; fileEncoding = 4; lastKnownFileType = sourcecode.swift; path = Application.Entrypoint.swift; sourceTree = "<group>"; };
		17FD0ABC84AB5B618183F93F /* Auth.Type.swift */ = {isa = PBXFileReference; fileEncoding = 4; lastKnownFileType = sourcecode.swift; path = Auth.Type.swift; sourceTree = "<group>"; };
		17FD0B3A7C9ED7E07D8D15FE /* Package.swift */ = {isa = PBXFileReference; fileEncoding = 4; lastKnownFileType = sourcecode.swift; path = Package.swift; sourceTree = "<group>"; };
		17FD0B67BD3FCB9ED82841BA /* Auth.OAuth.Detailed.swift */ = {isa = PBXFileReference; fileEncoding = 4; lastKnownFileType = sourcecode.swift; path = Auth.OAuth.Detailed.swift; sourceTree = "<group>"; };
		17FD0BBCF8608E589291BA99 /* ReactiveOAuth-Test.xctest */ = {isa = PBXFileReference; explicitFileType = wrapper.cfbundle; includeInIndex = 0; path = "ReactiveOAuth-Test.xctest"; sourceTree = BUILT_PRODUCTS_DIR; };
		17FD0BCB244F5CFFDDD9D70D /* Auth.OAuth.swift */ = {isa = PBXFileReference; fileEncoding = 4; lastKnownFileType = sourcecode.swift; path = Auth.OAuth.swift; sourceTree = "<group>"; };
		17FD0BD06968B5ECA493021F /* Detalisator.Imgur.swift */ = {isa = PBXFileReference; fileEncoding = 4; lastKnownFileType = sourcecode.swift; path = Detalisator.Imgur.swift; sourceTree = "<group>"; };
		17FD0BD58C00C5ED557D4E0E /* Extension.OAuthSwift.swift */ = {isa = PBXFileReference; fileEncoding = 4; lastKnownFileType = sourcecode.swift; path = Extension.OAuthSwift.swift; sourceTree = "<group>"; };
		17FD0BF0C4EA9F980ED65DCD /* main.storyboard */ = {isa = PBXFileReference; lastKnownFileType = file.storyboard; path = main.storyboard; sourceTree = "<group>"; };
		17FD0BFC7BD425CB6C0495D6 /* .gitignore */ = {isa = PBXFileReference; lastKnownFileType = file.gitignore; path = .gitignore; sourceTree = "<group>"; };
		17FD0C01D64DA1B2ADA6D8BD /* framework.plist */ = {isa = PBXFileReference; fileEncoding = 4; lastKnownFileType = text.plist; path = framework.plist; sourceTree = "<group>"; };
		17FD0CCE8AD5E4EB7DA5820B /* gifox-oauth.png */ = {isa = PBXFileReference; lastKnownFileType = image.png; path = "gifox-oauth.png"; sourceTree = "<group>"; };
		17FD0D38F2E4A84A97049D94 /* UI.View.OAuth.WebView.swift */ = {isa = PBXFileReference; fileEncoding = 4; lastKnownFileType = sourcecode.swift; path = UI.View.OAuth.WebView.swift; sourceTree = "<group>"; };
		17FD0D68A1ABEC34751E87CA /* Test.Auth.Imgur.swift */ = {isa = PBXFileReference; fileEncoding = 4; lastKnownFileType = sourcecode.swift; path = Test.Auth.Imgur.swift; sourceTree = "<group>"; };
		17FD0D6FBAF3FA926BBA0D8C /* Service.Imgur.swift */ = {isa = PBXFileReference; fileEncoding = 4; lastKnownFileType = sourcecode.swift; path = Service.Imgur.swift; sourceTree = "<group>"; };
		17FD0D8B0C664303A26DB723 /* .swiftlint.yml */ = {isa = PBXFileReference; fileEncoding = 4; lastKnownFileType = text.yaml; path = .swiftlint.yml; sourceTree = "<group>"; };
		17FD0DB09C5F4F51A9E0EDE5 /* Service.Dropbox.swift */ = {isa = PBXFileReference; fileEncoding = 4; lastKnownFileType = sourcecode.swift; path = Service.Dropbox.swift; sourceTree = "<group>"; };
		17FD0DC35BCD92D57BDE2841 /* Auth.Reoauth.swift */ = {isa = PBXFileReference; fileEncoding = 4; lastKnownFileType = sourcecode.swift; path = Auth.Reoauth.swift; sourceTree = "<group>"; };
		17FD0E09B65E7CA87DC9A956 /* LICENSE.md */ = {isa = PBXFileReference; fileEncoding = 4; lastKnownFileType = net.daringfireball.markdown; path = LICENSE.md; sourceTree = "<group>"; };
		17FD0E275F066DE11F91AB30 /* oauth.json */ = {isa = PBXFileReference; fileEncoding = 4; lastKnownFileType = text.json; path = oauth.json; sourceTree = "<group>"; };
		17FD0E45350A6BD48AAE2A3C /* Auth.Detailed.swift */ = {isa = PBXFileReference; fileEncoding = 4; lastKnownFileType = sourcecode.swift; path = Auth.Detailed.swift; sourceTree = "<group>"; };
		17FD0E4EA7DB99A1B3AB346C /* UI.View.OAuth.swift */ = {isa = PBXFileReference; fileEncoding = 4; lastKnownFileType = sourcecode.swift; path = UI.View.OAuth.swift; sourceTree = "<group>"; };
		17FD0EB3E12191D66DEA8D5C /* README.md */ = {isa = PBXFileReference; fileEncoding = 4; lastKnownFileType = net.daringfireball.markdown; path = README.md; sourceTree = "<group>"; };
		17FD0ED98E5F4CF88A545DC7 /* Detalisator.swift */ = {isa = PBXFileReference; fileEncoding = 4; lastKnownFileType = sourcecode.swift; path = Detalisator.swift; sourceTree = "<group>"; };
		17FD0EF01A3F7AAD4E0D6605 /* Utility.Path.swift */ = {isa = PBXFileReference; fileEncoding = 4; lastKnownFileType = sourcecode.swift; path = Utility.Path.swift; sourceTree = "<group>"; };
		17FD0F3C3EF0BE16C5A8224E /* Detalisator.Google.swift */ = {isa = PBXFileReference; fileEncoding = 4; lastKnownFileType = sourcecode.swift; path = Detalisator.Google.swift; sourceTree = "<group>"; };
		17FD0FFCA95D55D384A0D29B /* Detalisator.Dropbox.swift */ = {isa = PBXFileReference; fileEncoding = 4; lastKnownFileType = sourcecode.swift; path = Detalisator.Dropbox.swift; sourceTree = "<group>"; };
		E6124BE3267E1C97005A3490 /* Profile.xcconfig */ = {isa = PBXFileReference; lastKnownFileType = text.xcconfig; path = Profile.xcconfig; sourceTree = "<group>"; };
		E6124BE4267E1C97005A3490 /* Debug.xcconfig */ = {isa = PBXFileReference; lastKnownFileType = text.xcconfig; path = Debug.xcconfig; sourceTree = "<group>"; };
		E6124BE5267E1C97005A3490 /* Release.xcconfig */ = {isa = PBXFileReference; lastKnownFileType = text.xcconfig; path = Release.xcconfig; sourceTree = "<group>"; };
		E6124BE6267E1C97005A3490 /* Test.xcconfig */ = {isa = PBXFileReference; lastKnownFileType = text.xcconfig; path = Test.xcconfig; sourceTree = "<group>"; };
		E6124BE8267E1CBB005A3490 /* macOS-Application.xcconfig */ = {isa = PBXFileReference; lastKnownFileType = text.xcconfig; path = "macOS-Application.xcconfig"; sourceTree = "<group>"; };
		E6124BE9267E1CBB005A3490 /* macOS-Framework.xcconfig */ = {isa = PBXFileReference; lastKnownFileType = text.xcconfig; path = "macOS-Framework.xcconfig"; sourceTree = "<group>"; };
		E6124BEA267E1CBB005A3490 /* macOS-StaticLibrary.xcconfig */ = {isa = PBXFileReference; lastKnownFileType = text.xcconfig; path = "macOS-StaticLibrary.xcconfig"; sourceTree = "<group>"; };
		E6124BEB267E1CBB005A3490 /* macOS-Base.xcconfig */ = {isa = PBXFileReference; lastKnownFileType = text.xcconfig; path = "macOS-Base.xcconfig"; sourceTree = "<group>"; };
		E6124BEC267E1CBB005A3490 /* macOS-XCTest.xcconfig */ = {isa = PBXFileReference; lastKnownFileType = text.xcconfig; path = "macOS-XCTest.xcconfig"; sourceTree = "<group>"; };
		E6124BED267E1CBB005A3490 /* macOS-DynamicLibrary.xcconfig */ = {isa = PBXFileReference; lastKnownFileType = text.xcconfig; path = "macOS-DynamicLibrary.xcconfig"; sourceTree = "<group>"; };
		E6124C02267E26D0005A3490 /* OAuthSwift.xcframework */ = {isa = PBXFileReference; lastKnownFileType = wrapper.xcframework; name = OAuthSwift.xcframework; path = Carthage/Build/OAuthSwift.xcframework; sourceTree = SOURCE_ROOT; };
		E6124C03267E26D0005A3490 /* ReactiveSwift.xcframework */ = {isa = PBXFileReference; lastKnownFileType = wrapper.xcframework; name = ReactiveSwift.xcframework; path = Carthage/Build/ReactiveSwift.xcframework; sourceTree = SOURCE_ROOT; };
		E6124C04267E26D0005A3490 /* SwiftyJSON.xcframework */ = {isa = PBXFileReference; lastKnownFileType = wrapper.xcframework; name = SwiftyJSON.xcframework; path = Carthage/Build/SwiftyJSON.xcframework; sourceTree = SOURCE_ROOT; };
		E6124C05267E26D0005A3490 /* Alamofire.xcframework */ = {isa = PBXFileReference; lastKnownFileType = wrapper.xcframework; name = Alamofire.xcframework; path = Carthage/Build/Alamofire.xcframework; sourceTree = SOURCE_ROOT; };
		E6124C16267E283E005A3490 /* ReactiveCocoa.xcframework */ = {isa = PBXFileReference; lastKnownFileType = wrapper.xcframework; name = ReactiveCocoa.xcframework; path = Carthage/Build/ReactiveCocoa.xcframework; sourceTree = SOURCE_ROOT; };
		E699039F26E3A91E000662BB /* Package.resolved */ = {isa = PBXFileReference; lastKnownFileType = text; path = Package.resolved; sourceTree = "<group>"; };
		E6C0470F1EA14B170089F914 /* Demo.app */ = {isa = PBXFileReference; explicitFileType = wrapper.application; includeInIndex = 0; path = Demo.app; sourceTree = BUILT_PRODUCTS_DIR; };
		E6C0471B1EA14B170089F914 /* application.plist */ = {isa = PBXFileReference; lastKnownFileType = text.plist.xml; path = application.plist; sourceTree = "<group>"; };
/* End PBXFileReference section */

/* Begin PBXFrameworksBuildPhase section */
		E6124BF0267E22F3005A3490 /* Frameworks */ = {
			isa = PBXFrameworksBuildPhase;
			buildActionMask = 2147483647;
			files = (
				E6124BF6267E232F005A3490 /* Nimble in Frameworks */,
				E6124BFF267E2549005A3490 /* OHHTTPStubsSwift in Frameworks */,
				E6124BF9267E2343005A3490 /* Fakery in Frameworks */,
			);
			runOnlyForDeploymentPostprocessing = 0;
		};
		E6124C06267E26D8005A3490 /* Frameworks */ = {
			isa = PBXFrameworksBuildPhase;
			buildActionMask = 2147483647;
			files = (
				E6124C1A267E2931005A3490 /* Alamofire.xcframework in Frameworks */,
				E6124C1B267E2931005A3490 /* OAuthSwift.xcframework in Frameworks */,
				E6AEE84A267E2B9900A0E81E /* ReactiveCocoa.xcframework in Frameworks */,
				E6124C1D267E2931005A3490 /* ReactiveSwift.xcframework in Frameworks */,
				E6124C1E267E2931005A3490 /* SwiftyJSON.xcframework in Frameworks */,
			);
			runOnlyForDeploymentPostprocessing = 0;
		};
/* End PBXFrameworksBuildPhase section */

/* Begin PBXGroup section */
		17FD009C67D38131A945A84E /* Service */ = {
			isa = PBXGroup;
			children = (
				17FD0685B98931A5F745152D /* Service.swift */,
				17FD0DB09C5F4F51A9E0EDE5 /* Service.Dropbox.swift */,
				17FD05BE9C5ED28D52F0BF29 /* Service.Google.swift */,
				17FD0D6FBAF3FA926BBA0D8C /* Service.Imgur.swift */,
			);
			path = Service;
			sourceTree = "<group>";
		};
		17FD01983DD70317A5C6BE83 /* Test */ = {
			isa = PBXGroup;
			children = (
				17FD014C6BA2809051C0ED61 /* Test.swift */,
				17FD0BE7F21891874DC6249D /* Auth */,
			);
			path = Test;
			sourceTree = "<group>";
		};
		17FD01BEDE6B6B6C7E08B7EF /* Extension */ = {
			isa = PBXGroup;
			children = (
				17FD03130064FADEA0CCECAD /* Extension.Alamofire.swift */,
				17FD0BD58C00C5ED557D4E0E /* Extension.OAuthSwift.swift */,
			);
			path = Extension;
			sourceTree = "<group>";
		};
		17FD0329543B94DE438EAFE7 /* documentation */ = {
			isa = PBXGroup;
			children = (
				17FD0AA0C2CEC577DE61CDCD /* asset */,
			);
			path = documentation;
			sourceTree = "<group>";
		};
		17FD03679A023E6EF18B4CD6 /* info */ = {
			isa = PBXGroup;
			children = (
				E6C0471B1EA14B170089F914 /* application.plist */,
				17FD0C01D64DA1B2ADA6D8BD /* framework.plist */,
				17FD034571C02A3E54841334 /* test.plist */,
			);
			path = info;
			sourceTree = "<group>";
		};
		17FD0442E1949F6D88640DBE /* Utility */ = {
			isa = PBXGroup;
			children = (
				17FD0EF01A3F7AAD4E0D6605 /* Utility.Path.swift */,
				17FD0889E05159C12D6EF9CF /* Utility.Configuration.swift */,
			);
			path = Utility;
			sourceTree = "<group>";
		};
		17FD04A551C007FDEBC06469 /* accessory */ = {
			isa = PBXGroup;
			children = (
				E6124BE1267E1C7E005A3490 /* configuration */,
				17FD03679A023E6EF18B4CD6 /* info */,
				17FD08C18A4E0C9C78AC7821 /* storyboard */,
			);
			path = accessory;
			sourceTree = "<group>";
		};
		17FD0546BE45D13B08CFB1C9 /* source */ = {
			isa = PBXGroup;
			children = (
				17FD0F942CB13AA6514F26E6 /* Demo */,
				17FD0563EF937C8FC3C87B96 /* ReactiveOAuth */,
			);
			path = source;
			sourceTree = "<group>";
		};
		17FD0563EF937C8FC3C87B96 /* ReactiveOAuth */ = {
			isa = PBXGroup;
			children = (
				17FD080E193AAF5AD6256768 /* Auth */,
				17FD0C299E3D113C14A27DF5 /* Detalisator */,
				17FD01BEDE6B6B6C7E08B7EF /* Extension */,
				17FD009C67D38131A945A84E /* Service */,
				17FD01983DD70317A5C6BE83 /* Test */,
				17FD0FC1BA1EE3B7FBF66920 /* Testing */,
				17FD07CE57489373E6685D53 /* UI */,
			);
			path = ReactiveOAuth;
			sourceTree = "<group>";
		};
		17FD07396279D397717518E5 /* ci */ = {
			isa = PBXGroup;
			children = (
				17FD02026B95DFC861B9D424 /* build.sh */,
			);
			path = ci;
			sourceTree = "<group>";
		};
		17FD07CE57489373E6685D53 /* UI */ = {
			isa = PBXGroup;
			children = (
				17FD0E4EA7DB99A1B3AB346C /* UI.View.OAuth.swift */,
				17FD0D38F2E4A84A97049D94 /* UI.View.OAuth.WebView.swift */,
			);
			path = UI;
			sourceTree = "<group>";
		};
		17FD080E193AAF5AD6256768 /* Auth */ = {
			isa = PBXGroup;
			children = (
				17FD00AAE3036885B768936C /* Auth.Error.swift */,
				17FD0BCB244F5CFFDDD9D70D /* Auth.OAuth.swift */,
				17FD00A1F452CFD1054E2A71 /* Auth.Access.swift */,
				17FD0DC35BCD92D57BDE2841 /* Auth.Reoauth.swift */,
				17FD0E45350A6BD48AAE2A3C /* Auth.Detailed.swift */,
				17FD00427332FD9AB4062446 /* Auth.Credential.swift */,
				17FD0B67BD3FCB9ED82841BA /* Auth.OAuth.Detailed.swift */,
				17FD01253904F228C1021C97 /* Auth.Reoauth.Detailed.swift */,
			);
			path = Auth;
			sourceTree = "<group>";
		};
		17FD08C18A4E0C9C78AC7821 /* storyboard */ = {
			isa = PBXGroup;
			children = (
				17FD0BF0C4EA9F980ED65DCD /* main.storyboard */,
			);
			path = storyboard;
			sourceTree = "<group>";
		};
		17FD09EAD2C0B096F2B1D55C /* build */ = {
			isa = PBXGroup;
			children = (
				17FD07396279D397717518E5 /* ci */,
			);
			path = build;
			sourceTree = "<group>";
		};
		17FD0A0E5D35C5069C337D87 /* Auth */ = {
			isa = PBXGroup;
			children = (
				17FD01101080E25017FA2E3A /* Auth.Factory.swift */,
				17FD0ABC84AB5B618183F93F /* Auth.Type.swift */,
				17FD02FD23E054ACFE13C386 /* Auth.Detalisator.swift */,
			);
			path = Auth;
			sourceTree = "<group>";
		};
		17FD0AA0C2CEC577DE61CDCD /* asset */ = {
			isa = PBXGroup;
			children = (
				17FD0CCE8AD5E4EB7DA5820B /* gifox-oauth.png */,
			);
			path = asset;
			sourceTree = "<group>";
		};
		17FD0B4F7D568B910273DDAD /* test */ = {
			isa = PBXGroup;
			children = (
				17FD0101A918730138089192 /* oauth */,
				17FD0E275F066DE11F91AB30 /* oauth.json */,
			);
			path = test;
			sourceTree = "<group>";
		};
		17FD0BE7F21891874DC6249D /* Auth */ = {
			isa = PBXGroup;
			children = (
				17FD0A7AF699B08D4FD6CA3D /* Test.Auth.Google.swift */,
				17FD06FEECC656D09B33CE61 /* Test.Auth.swift */,
				17FD06D9F761A77B34E9B66C /* Test.Auth.Dropbox.swift */,
				17FD0D68A1ABEC34751E87CA /* Test.Auth.Imgur.swift */,
				17FD07355DDECCC4ABF8DA01 /* Test.Auth.Error.swift */,
			);
			path = Auth;
			sourceTree = "<group>";
		};
		17FD0C299E3D113C14A27DF5 /* Detalisator */ = {
			isa = PBXGroup;
			children = (
				17FD0ED98E5F4CF88A545DC7 /* Detalisator.swift */,
				17FD0FFCA95D55D384A0D29B /* Detalisator.Dropbox.swift */,
				17FD0F3C3EF0BE16C5A8224E /* Detalisator.Google.swift */,
				17FD0BD06968B5ECA493021F /* Detalisator.Imgur.swift */,
			);
			path = Detalisator;
			sourceTree = "<group>";
		};
		17FD0F942CB13AA6514F26E6 /* Demo */ = {
			isa = PBXGroup;
			children = (
				17FD0AADFDA5BC6D5E98824B /* Application.Entrypoint.swift */,
				17FD0214E9DF466D625DB8B0 /* UI.View.Main.swift */,
			);
			path = Demo;
			sourceTree = "<group>";
		};
		17FD0FC1BA1EE3B7FBF66920 /* Testing */ = {
			isa = PBXGroup;
			children = (
				17FD0442E1949F6D88640DBE /* Utility */,
				17FD0A0E5D35C5069C337D87 /* Auth */,
			);
			path = Testing;
			sourceTree = "<group>";
		};
		E6124BE1267E1C7E005A3490 /* configuration */ = {
			isa = PBXGroup;
			children = (
				E6124BE2267E1C97005A3490 /* Base */,
				E6124BE7267E1CBB005A3490 /* macOS */,
			);
			name = configuration;
			sourceTree = "<group>";
		};
		E6124BE2267E1C97005A3490 /* Base */ = {
			isa = PBXGroup;
			children = (
				E6124BE4267E1C97005A3490 /* Debug.xcconfig */,
				E6124BE5267E1C97005A3490 /* Release.xcconfig */,
				E6124BE6267E1C97005A3490 /* Test.xcconfig */,
				E6124BE3267E1C97005A3490 /* Profile.xcconfig */,
			);
			name = Base;
			path = dependency/Git/xcconfigs/Base/Configurations;
			sourceTree = SOURCE_ROOT;
		};
		E6124BE7267E1CBB005A3490 /* macOS */ = {
			isa = PBXGroup;
			children = (
				E6124BEB267E1CBB005A3490 /* macOS-Base.xcconfig */,
				E6124BEA267E1CBB005A3490 /* macOS-StaticLibrary.xcconfig */,
				E6124BED267E1CBB005A3490 /* macOS-DynamicLibrary.xcconfig */,
				E6124BE9267E1CBB005A3490 /* macOS-Framework.xcconfig */,
				E6124BE8267E1CBB005A3490 /* macOS-Application.xcconfig */,
				E6124BEC267E1CBB005A3490 /* macOS-XCTest.xcconfig */,
			);
			name = macOS;
			path = dependency/Git/xcconfigs/macOS;
			sourceTree = SOURCE_ROOT;
		};
		E6124C00267E2670005A3490 /* dependency */ = {
			isa = PBXGroup;
			children = (
				E6124C01267E26C1005A3490 /* framework */,
			);
			path = dependency;
			sourceTree = "<group>";
		};
		E6124C01267E26C1005A3490 /* framework */ = {
			isa = PBXGroup;
			children = (
				E6124C05267E26D0005A3490 /* Alamofire.xcframework */,
				E6124C02267E26D0005A3490 /* OAuthSwift.xcframework */,
				E6124C16267E283E005A3490 /* ReactiveCocoa.xcframework */,
				E6124C03267E26D0005A3490 /* ReactiveSwift.xcframework */,
				E6124C04267E26D0005A3490 /* SwiftyJSON.xcframework */,
			);
			name = framework;
			sourceTree = "<group>";
		};
		E635F48B1E72B9560050F449 = {
			isa = PBXGroup;
			children = (
				17FD04A551C007FDEBC06469 /* accessory */,
				17FD09EAD2C0B096F2B1D55C /* build */,
				E6124C00267E2670005A3490 /* dependency */,
				17FD0329543B94DE438EAFE7 /* documentation */,
				E6C047101EA14B170089F914 /* product */,
				17FD0546BE45D13B08CFB1C9 /* source */,
				17FD0B4F7D568B910273DDAD /* test */,
				17FD0BFC7BD425CB6C0495D6 /* .gitignore */,
				17FD0D8B0C664303A26DB723 /* .swiftlint.yml */,
				17FD0A879532D717634C832F /* .travis.yml */,
				17FD06527D2AECA04D0A7279 /* Cartfile */,
				17FD01F24BF048EB020FB7F6 /* Cartfile.resolved */,
				17FD0B3A7C9ED7E07D8D15FE /* Package.swift */,
				E699039F26E3A91E000662BB /* Package.resolved */,
				17FD05C1F0F04A13061E2D4C /* ReactiveOAuth.podspec */,
				17FD0E09B65E7CA87DC9A956 /* LICENSE.md */,
				17FD0EB3E12191D66DEA8D5C /* README.md */,
			);
			sourceTree = "<group>";
		};
		E6C047101EA14B170089F914 /* product */ = {
			isa = PBXGroup;
			children = (
				17FD0195020FC68CF3799E20 /* ReactiveOAuth.framework */,
				17FD0BBCF8608E589291BA99 /* ReactiveOAuth-Test.xctest */,
				E6C0470F1EA14B170089F914 /* Demo.app */,
			);
			name = product;
			path = ..;
			sourceTree = "<group>";
		};
/* End PBXGroup section */

/* Begin PBXNativeTarget section */
		E61003011E7318390065804C /* ReactiveOAuth */ = {
			isa = PBXNativeTarget;
			buildConfigurationList = E61003181E73183A0065804C /* Build configuration list for PBXNativeTarget "ReactiveOAuth" */;
			buildPhases = (
				E61002FD1E7318390065804C /* Sources */,
				E6124C06267E26D8005A3490 /* Frameworks */,
			);
			buildRules = (
			);
			dependencies = (
			);
			name = ReactiveOAuth;
			productName = ReactiveOAuth;
			productReference = 17FD0195020FC68CF3799E20 /* ReactiveOAuth.framework */;
			productType = "com.apple.product-type.framework";
		};
		E610030A1E73183A0065804C /* ReactiveOAuth-Test */ = {
			isa = PBXNativeTarget;
			buildConfigurationList = E61003191E73183A0065804C /* Build configuration list for PBXNativeTarget "ReactiveOAuth-Test" */;
			buildPhases = (
				E61003071E73183A0065804C /* Sources */,
				E6124BF0267E22F3005A3490 /* Frameworks */,
			);
			buildRules = (
			);
			dependencies = (
				E610030E1E73183A0065804C /* PBXTargetDependency */,
			);
			name = "ReactiveOAuth-Test";
			packageProductDependencies = (
				E6124BEF267E22EC005A3490 /* Nimble */,
				E6124BF8267E2343005A3490 /* Fakery */,
				E6124BFE267E2549005A3490 /* OHHTTPStubsSwift */,
			);
			productName = "ReactiveOAuth - Test";
			productReference = 17FD0BBCF8608E589291BA99 /* ReactiveOAuth-Test.xctest */;
			productType = "com.apple.product-type.bundle.unit-test";
		};
		E6C0470E1EA14B170089F914 /* Demo */ = {
			isa = PBXNativeTarget;
			buildConfigurationList = E6C0471E1EA14B170089F914 /* Build configuration list for PBXNativeTarget "Demo" */;
			buildPhases = (
				E6C0470B1EA14B170089F914 /* Sources */,
				E6C0470D1EA14B170089F914 /* Resources */,
			);
			buildRules = (
			);
			dependencies = (
				E6D7F6481EA14F690007814A /* PBXTargetDependency */,
			);
			name = Demo;
			productName = Demo;
			productReference = E6C0470F1EA14B170089F914 /* Demo.app */;
			productType = "com.apple.product-type.application";
		};
/* End PBXNativeTarget section */

/* Begin PBXProject section */
		E635F48C1E72B9560050F449 /* Project object */ = {
			isa = PBXProject;
			attributes = {
				LastSwiftUpdateCheck = 0830;
				LastUpgradeCheck = 1000;
				TargetAttributes = {
					E61003011E7318390065804C = {
						CreatedOnToolsVersion = 8.2.1;
						LastSwiftMigration = 1000;
						ProvisioningStyle = Automatic;
					};
					E610030A1E73183A0065804C = {
						CreatedOnToolsVersion = 8.2.1;
						ProvisioningStyle = Automatic;
					};
					E6C0470E1EA14B170089F914 = {
						CreatedOnToolsVersion = 8.3.1;
						LastSwiftMigration = 1000;
						ProvisioningStyle = Automatic;
					};
				};
			};
			buildConfigurationList = E635F48F1E72B9560050F449 /* Build configuration list for PBXProject "ReactiveOAuth" */;
			compatibilityVersion = "Xcode 11.0";
			developmentRegion = English;
			hasScannedForEncodings = 0;
			knownRegions = (
				English,
				Base,
			);
			mainGroup = E635F48B1E72B9560050F449;
			packageReferences = (
				E6124BEE267E22EC005A3490 /* XCRemoteSwiftPackageReference "Nimble" */,
				E6124BF2267E231F005A3490 /* XCRemoteSwiftPackageReference "OHHTTPStubs" */,
				E6124BF7267E2343005A3490 /* XCRemoteSwiftPackageReference "Fakery" */,
			);
			productRefGroup = E6C047101EA14B170089F914 /* product */;
			projectDirPath = "";
			projectRoot = "";
			targets = (
				E6C0470E1EA14B170089F914 /* Demo */,
				E61003011E7318390065804C /* ReactiveOAuth */,
				E610030A1E73183A0065804C /* ReactiveOAuth-Test */,
			);
		};
/* End PBXProject section */

/* Begin PBXResourcesBuildPhase section */
		E6C0470D1EA14B170089F914 /* Resources */ = {
			isa = PBXResourcesBuildPhase;
			buildActionMask = 2147483647;
			files = (
				17FD03C8F836AD3A0D1C50FA /* main.storyboard in Resources */,
				17FD081D81484F55B66EB14C /* oauth in Resources */,
			);
			runOnlyForDeploymentPostprocessing = 0;
		};
/* End PBXResourcesBuildPhase section */

/* Begin PBXSourcesBuildPhase section */
		E61002FD1E7318390065804C /* Sources */ = {
			isa = PBXSourcesBuildPhase;
			buildActionMask = 2147483647;
			files = (
				17FD083B2578DC20F08578BE /* Extension.Alamofire.swift in Sources */,
				17FD0CC5F57DAC8810453C72 /* Extension.OAuthSwift.swift in Sources */,
				17FD05FF591CA2389B1F7861 /* Auth.Error.swift in Sources */,
				17FD04F25EE85DD88C04318C /* Auth.OAuth.swift in Sources */,
				17FD0894DE12C29091865FFD /* Auth.Access.swift in Sources */,
				17FD0E2EDF07CE6B1B092DAA /* Auth.Reoauth.swift in Sources */,
				17FD05A578C2FA77A9E56EAD /* Auth.Detailed.swift in Sources */,
				17FD0E1BADF1AC3676DAC1A3 /* Auth.Credential.swift in Sources */,
				17FD0605E4B1564EE3D1C85D /* Auth.OAuth.Detailed.swift in Sources */,
				17FD035E37F0EF2E71AB5642 /* Auth.Reoauth.Detailed.swift in Sources */,
				17FD0AFE79A607EB2D24C2EE /* UI.View.OAuth.swift in Sources */,
				17FD059BBFA7D93B498E7A29 /* UI.View.OAuth.WebView.swift in Sources */,
				17FD0E87962CC41A157281A7 /* Service.swift in Sources */,
				17FD0B44FE059FB682B2D06A /* Service.Dropbox.swift in Sources */,
				17FD06EE03CB72613A1DA869 /* Service.Google.swift in Sources */,
				17FD0699B848B6D9F623422D /* Service.Imgur.swift in Sources */,
				17FD04C4920A8B62784BB226 /* Detalisator.swift in Sources */,
				17FD014CC235B5670C9C3BF9 /* Detalisator.Dropbox.swift in Sources */,
				17FD0DDC3264E156D19C5E48 /* Detalisator.Google.swift in Sources */,
				17FD087BED0546AAC8907DEE /* Detalisator.Imgur.swift in Sources */,
			);
			runOnlyForDeploymentPostprocessing = 0;
		};
		E61003071E73183A0065804C /* Sources */ = {
			isa = PBXSourcesBuildPhase;
			buildActionMask = 2147483647;
			files = (
				17FD0AC8126E701358728BC5 /* Test.swift in Sources */,
				17FD06C36F9155A742C36EC3 /* Auth.Factory.swift in Sources */,
				17FD0CA74383997671601481 /* Auth.Type.swift in Sources */,
				17FD058348DD4CE7F4E60978 /* Auth.Detalisator.swift in Sources */,
				17FD0439340A066B3C56A17A /* Utility.Path.swift in Sources */,
				17FD06E49F8A4F9A1F2BC74F /* Utility.Configuration.swift in Sources */,
				17FD01D372F015D578C505E5 /* Test.Auth.swift in Sources */,
				17FD087EBFF31732B6A824EC /* Test.Auth.Dropbox.swift in Sources */,
				17FD0DE2A3CEA6FEFE53CDAE /* Test.Auth.Google.swift in Sources */,
				17FD05FE2548EF8C4666D685 /* Test.Auth.Imgur.swift in Sources */,
				17FD0E1563FB8F765AE005C1 /* Test.Auth.Error.swift in Sources */,
			);
			runOnlyForDeploymentPostprocessing = 0;
		};
		E6C0470B1EA14B170089F914 /* Sources */ = {
			isa = PBXSourcesBuildPhase;
			buildActionMask = 2147483647;
			files = (
				17FD03BDDCDE257112386A79 /* Application.Entrypoint.swift in Sources */,
				17FD096A130E9190E608FD8D /* UI.View.Main.swift in Sources */,
				17FD0962A16C8A7B78613719 /* Auth.Factory.swift in Sources */,
				17FD0CC7A05B0EAA6AF3E438 /* Auth.Detalisator.swift in Sources */,
				17FD0D08DB860DF2F18C4C63 /* Auth.Type.swift in Sources */,
				17FD054767BEDA3913BFC47A /* Utility.Path.swift in Sources */,
				17FD0A704CD90B69C8D5A0A8 /* Utility.Configuration.swift in Sources */,
			);
			runOnlyForDeploymentPostprocessing = 0;
		};
/* End PBXSourcesBuildPhase section */

/* Begin PBXTargetDependency section */
		E610030E1E73183A0065804C /* PBXTargetDependency */ = {
			isa = PBXTargetDependency;
			target = E61003011E7318390065804C /* ReactiveOAuth */;
			targetProxy = E610030D1E73183A0065804C /* PBXContainerItemProxy */;
		};
		E6D7F6481EA14F690007814A /* PBXTargetDependency */ = {
			isa = PBXTargetDependency;
			target = E61003011E7318390065804C /* ReactiveOAuth */;
			targetProxy = E6D7F6471EA14F690007814A /* PBXContainerItemProxy */;
		};
/* End PBXTargetDependency section */

/* Begin XCBuildConfiguration section */
		E61003141E73183A0065804C /* Debug */ = {
			isa = XCBuildConfiguration;
			baseConfigurationReference = E6124BE9267E1CBB005A3490 /* macOS-Framework.xcconfig */;
			buildSettings = {
				APPLICATION_EXTENSION_API_ONLY = NO;
				INFOPLIST_FILE = "$(inherited)/framework.plist";
			};
			name = Debug;
		};
		E61003151E73183A0065804C /* Release */ = {
			isa = XCBuildConfiguration;
			baseConfigurationReference = E6124BE9267E1CBB005A3490 /* macOS-Framework.xcconfig */;
			buildSettings = {
				APPLICATION_EXTENSION_API_ONLY = NO;
				INFOPLIST_FILE = "$(inherited)/framework.plist";
			};
			name = Release;
		};
		E61003161E73183A0065804C /* Debug */ = {
			isa = XCBuildConfiguration;
			baseConfigurationReference = E6124BEC267E1CBB005A3490 /* macOS-XCTest.xcconfig */;
			buildSettings = {
				INFOPLIST_FILE = "$(inherited)/test.plist";
				PRODUCT_BUNDLE_IDENTIFIER = "$(inherited).test";
			};
			name = Debug;
		};
		E61003171E73183A0065804C /* Release */ = {
			isa = XCBuildConfiguration;
			baseConfigurationReference = E6124BEC267E1CBB005A3490 /* macOS-XCTest.xcconfig */;
			buildSettings = {
				INFOPLIST_FILE = "$(inherited)/test.plist";
				PRODUCT_BUNDLE_IDENTIFIER = "$(inherited).test";
			};
			name = Release;
		};
		E635F4901E72B9560050F449 /* Debug */ = {
			isa = XCBuildConfiguration;
			baseConfigurationReference = E6124BE4267E1C97005A3490 /* Debug.xcconfig */;
			buildSettings = {
				DEBUG_INFORMATION_FORMAT = dwarf;
				FRAMEWORK_SEARCH_PATHS = "$(PROJECT_DIR)/dependency/Carthage/Build/**";
				GCC_TREAT_WARNINGS_AS_ERRORS = NO;
				INFOPLIST_FILE = accessory/info;
				MACOSX_DEPLOYMENT_TARGET = 10.12;
				PRODUCT_BUNDLE_IDENTIFIER = com.swifteroid.reactiveoauth;
				PRODUCT_NAME = "$(TARGET_NAME)";
				SWIFT_TREAT_WARNINGS_AS_ERRORS = NO;
				SWIFT_VERSION = 5.0;
			};
			name = Debug;
		};
		E635F4911E72B9560050F449 /* Release */ = {
			isa = XCBuildConfiguration;
			baseConfigurationReference = E6124BE5267E1C97005A3490 /* Release.xcconfig */;
			buildSettings = {
				FRAMEWORK_SEARCH_PATHS = "$(PROJECT_DIR)/dependency/Carthage/Build/**";
				GCC_TREAT_WARNINGS_AS_ERRORS = NO;
				INFOPLIST_FILE = accessory/info;
				MACOSX_DEPLOYMENT_TARGET = 10.12;
				PRODUCT_BUNDLE_IDENTIFIER = com.swifteroid.reactiveoauth;
				PRODUCT_NAME = "$(TARGET_NAME)";
				SWIFT_TREAT_WARNINGS_AS_ERRORS = NO;
				SWIFT_VERSION = 5.0;
			};
			name = Release;
		};
		E6C0471C1EA14B170089F914 /* Debug */ = {
			isa = XCBuildConfiguration;
			baseConfigurationReference = E6124BE8267E1CBB005A3490 /* macOS-Application.xcconfig */;
			buildSettings = {
				INFOPLIST_FILE = "$(inherited)/application.plist";
				PRODUCT_BUNDLE_IDENTIFIER = "$(inherited).demo";
			};
			name = Debug;
		};
		E6C0471D1EA14B170089F914 /* Release */ = {
			isa = XCBuildConfiguration;
			baseConfigurationReference = E6124BE8267E1CBB005A3490 /* macOS-Application.xcconfig */;
			buildSettings = {
				INFOPLIST_FILE = "$(inherited)/application.plist";
				PRODUCT_BUNDLE_IDENTIFIER = "$(inherited).demo";
			};
			name = Release;
		};
/* End XCBuildConfiguration section */

/* Begin XCConfigurationList section */
		E61003181E73183A0065804C /* Build configuration list for PBXNativeTarget "ReactiveOAuth" */ = {
			isa = XCConfigurationList;
			buildConfigurations = (
				E61003141E73183A0065804C /* Debug */,
				E61003151E73183A0065804C /* Release */,
			);
			defaultConfigurationIsVisible = 0;
			defaultConfigurationName = Release;
		};
		E61003191E73183A0065804C /* Build configuration list for PBXNativeTarget "ReactiveOAuth-Test" */ = {
			isa = XCConfigurationList;
			buildConfigurations = (
				E61003161E73183A0065804C /* Debug */,
				E61003171E73183A0065804C /* Release */,
			);
			defaultConfigurationIsVisible = 0;
			defaultConfigurationName = Release;
		};
		E635F48F1E72B9560050F449 /* Build configuration list for PBXProject "ReactiveOAuth" */ = {
			isa = XCConfigurationList;
			buildConfigurations = (
				E635F4901E72B9560050F449 /* Debug */,
				E635F4911E72B9560050F449 /* Release */,
			);
			defaultConfigurationIsVisible = 0;
			defaultConfigurationName = Release;
		};
		E6C0471E1EA14B170089F914 /* Build configuration list for PBXNativeTarget "Demo" */ = {
			isa = XCConfigurationList;
			buildConfigurations = (
				E6C0471C1EA14B170089F914 /* Debug */,
				E6C0471D1EA14B170089F914 /* Release */,
			);
			defaultConfigurationIsVisible = 0;
			defaultConfigurationName = Release;
		};
/* End XCConfigurationList section */

/* Begin XCRemoteSwiftPackageReference section */
		E6124BEE267E22EC005A3490 /* XCRemoteSwiftPackageReference "Nimble" */ = {
			isa = XCRemoteSwiftPackageReference;
			repositoryURL = "https://github.com/Quick/Nimble.git";
			requirement = {
				kind = upToNextMajorVersion;
				minimumVersion = 9.2.0;
			};
		};
		E6124BF2267E231F005A3490 /* XCRemoteSwiftPackageReference "OHHTTPStubs" */ = {
			isa = XCRemoteSwiftPackageReference;
			repositoryURL = "https://github.com/AliSoftware/OHHTTPStubs.git";
			requirement = {
				kind = upToNextMajorVersion;
				minimumVersion = 9.1.0;
			};
		};
		E6124BF7267E2343005A3490 /* XCRemoteSwiftPackageReference "Fakery" */ = {
			isa = XCRemoteSwiftPackageReference;
			repositoryURL = "https://github.com/vadymmarkov/Fakery.git";
			requirement = {
				kind = upToNextMajorVersion;
				minimumVersion = 5.1.0;
			};
		};
/* End XCRemoteSwiftPackageReference section */

/* Begin XCSwiftPackageProductDependency section */
		E6124BEF267E22EC005A3490 /* Nimble */ = {
			isa = XCSwiftPackageProductDependency;
			package = E6124BEE267E22EC005A3490 /* XCRemoteSwiftPackageReference "Nimble" */;
			productName = Nimble;
		};
		E6124BF8267E2343005A3490 /* Fakery */ = {
			isa = XCSwiftPackageProductDependency;
			package = E6124BF7267E2343005A3490 /* XCRemoteSwiftPackageReference "Fakery" */;
			productName = Fakery;
		};
		E6124BFE267E2549005A3490 /* OHHTTPStubsSwift */ = {
			isa = XCSwiftPackageProductDependency;
			package = E6124BF2267E231F005A3490 /* XCRemoteSwiftPackageReference "OHHTTPStubs" */;
			productName = OHHTTPStubsSwift;
		};
/* End XCSwiftPackageProductDependency section */
	};
	rootObject = E635F48C1E72B9560050F449 /* Project object */;
}
